
Microsoft Visual Studio Solution File, Format Version 12.00
# Visual Studio Version 17
VisualStudioVersion = 17.8.34309.116
MinimumVisualStudioVersion = 10.0.40219.1
Project("{FAE04EC0-301F-11D3-BF4B-00C04F79EFBC}") = "Survey System", "Survey System.csproj", "{9C487DB7-4D06-45C4-BF3F-755DA98BEA75}"
EndProject
Global
	GlobalSection(SolutionConfigurationPlatforms) = preSolution
		Debug|Any CPU = Debug|Any CPU
		Release|Any CPU = Release|Any CPU
	EndGlobalSection
	GlobalSection(ProjectConfigurationPlatforms) = postSolution
		{9C487DB7-4D06-45C4-BF3F-755DA98BEA75}.Debug|Any CPU.ActiveCfg = Debug|Any CPU
		{9C487DB7-4D06-45C4-BF3F-755DA98BEA75}.Debug|Any CPU.Build.0 = Debug|Any CPU
		{9C487DB7-4D06-45C4-BF3F-755DA98BEA75}.Release|Any CPU.ActiveCfg = Release|Any CPU
		{9C487DB7-4D06-45C4-BF3F-755DA98BEA75}.Release|Any CPU.Build.0 = Release|Any CPU
	EndGlobalSection
	GlobalSection(SolutionProperties) = preSolution
		HideSolutionNode = FALSE
	EndGlobalSection
	GlobalSection(ExtensibilityGlobals) = postSolution
		SolutionGuid = {BB0A0727-6132-448B-8B38-F50ED46CFD76}
	EndGlobalSection
EndGlobal
